
Microsoft Visual Studio Solution File, Format Version 12.00
# Visual Studio Version 17
VisualStudioVersion = 17.7.34031.279
MinimumVisualStudioVersion = 10.0.40219.1
Project("{FAE04EC0-301F-11D3-BF4B-00C04F79EFBC}") = "LoginForm", "LoginForm\LoginForm.csproj", "{20DC5B30-53BA-4447-9932-A42D779A52B7}"
EndProject
Global
	GlobalSection(SolutionConfigurationPlatforms) = preSolution
		Debug|Any CPU = Debug|Any CPU
		Release|Any CPU = Release|Any CPU
	EndGlobalSection
	GlobalSection(ProjectConfigurationPlatforms) = postSolution
		{20DC5B30-53BA-4447-9932-A42D779A52B7}.Debug|Any CPU.ActiveCfg = Debug|Any CPU
		{20DC5B30-53BA-4447-9932-A42D779A52B7}.Debug|Any CPU.Build.0 = Debug|Any CPU
		{20DC5B30-53BA-4447-9932-A42D779A52B7}.Release|Any CPU.ActiveCfg = Release|Any CPU
		{20DC5B30-53BA-4447-9932-A42D779A52B7}.Release|Any CPU.Build.0 = Release|Any CPU
	EndGlobalSection
	GlobalSection(SolutionProperties) = preSolution
		HideSolutionNode = FALSE
	EndGlobalSection
	GlobalSection(ExtensibilityGlobals) = postSolution
		SolutionGuid = {8FF0063D-41DD-469E-B1F3-983B488482FB}
	EndGlobalSection
EndGlobal
